// !$*UTF8*$!
{
	archiveVersion = 1;
	classes = {
	};
	objectVersion = 50;
	objects = {

/* Begin PBXBuildFile section */
		710138E4214F9E7700ECC010 /* AppDelegate.swift in Sources */ = {isa = PBXBuildFile; fileRef = 710138E3214F9E7700ECC010 /* AppDelegate.swift */; };
		710138E6214F9E7700ECC010 /* ViewController.swift in Sources */ = {isa = PBXBuildFile; fileRef = 710138E5214F9E7700ECC010 /* ViewController.swift */; };
		710138E9214F9E7700ECC010 /* Main.storyboard in Resources */ = {isa = PBXBuildFile; fileRef = 710138E7214F9E7700ECC010 /* Main.storyboard */; };
		710138EB214F9E7800ECC010 /* Assets.xcassets in Resources */ = {isa = PBXBuildFile; fileRef = 710138EA214F9E7800ECC010 /* Assets.xcassets */; };
		710138EE214F9E7800ECC010 /* LaunchScreen.storyboard in Resources */ = {isa = PBXBuildFile; fileRef = 710138EC214F9E7800ECC010 /* LaunchScreen.storyboard */; };
		71BC3990214F9F7D005CD651 /* APIService.swift in Sources */ = {isa = PBXBuildFile; fileRef = 71BC398F214F9F7D005CD651 /* APIService.swift */; };
		71BC3993214FAF83005CD651 /* GitHubUser.swift in Sources */ = {isa = PBXBuildFile; fileRef = 71BC3992214FAF82005CD651 /* GitHubUser.swift */; };
		ACF3DF149ED5AA94298B7BF7 /* Pods_github_users.framework in Frameworks */ = {isa = PBXBuildFile; fileRef = FE8AC5964DC3C1546FE5A74E /* Pods_github_users.framework */; };
/* End PBXBuildFile section */

/* Begin PBXFileReference section */
		25CE94FB7F018491C1F7DC35 /* Pods-github-users.release.xcconfig */ = {isa = PBXFileReference; includeInIndex = 1; lastKnownFileType = text.xcconfig; name = "Pods-github-users.release.xcconfig"; path = "Pods/Target Support Files/Pods-github-users/Pods-github-users.release.xcconfig"; sourceTree = "<group>"; };
		710138E0214F9E7700ECC010 /* github-users.app */ = {isa = PBXFileReference; explicitFileType = wrapper.application; includeInIndex = 0; path = "github-users.app"; sourceTree = BUILT_PRODUCTS_DIR; };
		710138E3214F9E7700ECC010 /* AppDelegate.swift */ = {isa = PBXFileReference; lastKnownFileType = sourcecode.swift; path = AppDelegate.swift; sourceTree = "<group>"; };
		710138E5214F9E7700ECC010 /* ViewController.swift */ = {isa = PBXFileReference; lastKnownFileType = sourcecode.swift; path = ViewController.swift; sourceTree = "<group>"; };
		710138E8214F9E7700ECC010 /* Base */ = {isa = PBXFileReference; lastKnownFileType = file.storyboard; name = Base; path = Base.lproj/Main.storyboard; sourceTree = "<group>"; };
		710138EA214F9E7800ECC010 /* Assets.xcassets */ = {isa = PBXFileReference; lastKnownFileType = folder.assetcatalog; path = Assets.xcassets; sourceTree = "<group>"; };
		710138ED214F9E7800ECC010 /* Base */ = {isa = PBXFileReference; lastKnownFileType = file.storyboard; name = Base; path = Base.lproj/LaunchScreen.storyboard; sourceTree = "<group>"; };
		710138EF214F9E7800ECC010 /* Info.plist */ = {isa = PBXFileReference; lastKnownFileType = text.plist.xml; path = Info.plist; sourceTree = "<group>"; };
		71BC398F214F9F7D005CD651 /* APIService.swift */ = {isa = PBXFileReference; lastKnownFileType = sourcecode.swift; path = APIService.swift; sourceTree = "<group>"; };
		71BC3992214FAF82005CD651 /* GitHubUser.swift */ = {isa = PBXFileReference; lastKnownFileType = sourcecode.swift; path = GitHubUser.swift; sourceTree = "<group>"; };
		FAF6AE9D41E5542DC762C563 /* Pods-github-users.debug.xcconfig */ = {isa = PBXFileReference; includeInIndex = 1; lastKnownFileType = text.xcconfig; name = "Pods-github-users.debug.xcconfig"; path = "Pods/Target Support Files/Pods-github-users/Pods-github-users.debug.xcconfig"; sourceTree = "<group>"; };
		FE8AC5964DC3C1546FE5A74E /* Pods_github_users.framework */ = {isa = PBXFileReference; explicitFileType = wrapper.framework; includeInIndex = 0; path = Pods_github_users.framework; sourceTree = BUILT_PRODUCTS_DIR; };
/* End PBXFileReference section */

/* Begin PBXFrameworksBuildPhase section */
		710138DD214F9E7700ECC010 /* Frameworks */ = {
			isa = PBXFrameworksBuildPhase;
			buildActionMask = 2147483647;
			files = (
				ACF3DF149ED5AA94298B7BF7 /* Pods_github_users.framework in Frameworks */,
			);
			runOnlyForDeploymentPostprocessing = 0;
		};
/* End PBXFrameworksBuildPhase section */

/* Begin PBXGroup section */
		38B6B3423E5A86A55938AA09 /* Pods */ = {
			isa = PBXGroup;
			children = (
				FAF6AE9D41E5542DC762C563 /* Pods-github-users.debug.xcconfig */,
				25CE94FB7F018491C1F7DC35 /* Pods-github-users.release.xcconfig */,
			);
			name = Pods;
			sourceTree = "<group>";
		};
		3BEA62B4ECB9A9DBEA8CA979 /* Frameworks */ = {
			isa = PBXGroup;
			children = (
				FE8AC5964DC3C1546FE5A74E /* Pods_github_users.framework */,
			);
			name = Frameworks;
			sourceTree = "<group>";
		};
		710138D7214F9E7700ECC010 = {
			isa = PBXGroup;
			children = (
				710138E2214F9E7700ECC010 /* github-users */,
				710138E1214F9E7700ECC010 /* Products */,
				38B6B3423E5A86A55938AA09 /* Pods */,
				3BEA62B4ECB9A9DBEA8CA979 /* Frameworks */,
			);
			sourceTree = "<group>";
		};
		710138E1214F9E7700ECC010 /* Products */ = {
			isa = PBXGroup;
			children = (
				710138E0214F9E7700ECC010 /* github-users.app */,
			);
			name = Products;
			sourceTree = "<group>";
		};
		710138E2214F9E7700ECC010 /* github-users */ = {
			isa = PBXGroup;
			children = (
				71BC398D214F9F58005CD651 /* Domain */,
				710138E3214F9E7700ECC010 /* AppDelegate.swift */,
				710138E5214F9E7700ECC010 /* ViewController.swift */,
				710138E7214F9E7700ECC010 /* Main.storyboard */,
				710138EA214F9E7800ECC010 /* Assets.xcassets */,
				710138EC214F9E7800ECC010 /* LaunchScreen.storyboard */,
				710138EF214F9E7800ECC010 /* Info.plist */,
			);
			path = "github-users";
			sourceTree = "<group>";
		};
		71BC398D214F9F58005CD651 /* Domain */ = {
			isa = PBXGroup;
			children = (
				71BC3991214FAF75005CD651 /* Models */,
				71BC398E214F9F74005CD651 /* Services */,
			);
			path = Domain;
			sourceTree = "<group>";
		};
		71BC398E214F9F74005CD651 /* Services */ = {
			isa = PBXGroup;
			children = (
				71BC398F214F9F7D005CD651 /* APIService.swift */,
			);
			path = Services;
			sourceTree = "<group>";
		};
		71BC3991214FAF75005CD651 /* Models */ = {
			isa = PBXGroup;
			children = (
				71BC3992214FAF82005CD651 /* GitHubUser.swift */,
			);
			path = Models;
			sourceTree = "<group>";
		};
/* End PBXGroup section */

/* Begin PBXNativeTarget section */
		710138DF214F9E7700ECC010 /* github-users */ = {
			isa = PBXNativeTarget;
			buildConfigurationList = 710138F2214F9E7800ECC010 /* Build configuration list for PBXNativeTarget "github-users" */;
			buildPhases = (
				269C978FB379ADA362AA8507 /* [CP] Check Pods Manifest.lock */,
				710138DC214F9E7700ECC010 /* Sources */,
				710138DD214F9E7700ECC010 /* Frameworks */,
				710138DE214F9E7700ECC010 /* Resources */,
				B1FA1FA70424433F5B21A52B /* [CP] Embed Pods Frameworks */,
				86CD250EE82FEC4D5B95D90A /* [CP] Copy Pods Resources */,
			);
			buildRules = (
			);
			dependencies = (
			);
			name = "github-users";
			productName = "github-users";
			productReference = 710138E0214F9E7700ECC010 /* github-users.app */;
			productType = "com.apple.product-type.application";
		};
/* End PBXNativeTarget section */

/* Begin PBXProject section */
		710138D8214F9E7700ECC010 /* Project object */ = {
			isa = PBXProject;
			attributes = {
				LastSwiftUpdateCheck = 0940;
				LastUpgradeCheck = 0940;
				ORGANIZATIONNAME = "Timur Piriev";
				TargetAttributes = {
					710138DF214F9E7700ECC010 = {
						CreatedOnToolsVersion = 9.4;
					};
				};
			};
			buildConfigurationList = 710138DB214F9E7700ECC010 /* Build configuration list for PBXProject "github-users" */;
			compatibilityVersion = "Xcode 9.3";
			developmentRegion = en;
			hasScannedForEncodings = 0;
			knownRegions = (
				en,
				Base,
			);
			mainGroup = 710138D7214F9E7700ECC010;
			productRefGroup = 710138E1214F9E7700ECC010 /* Products */;
			projectDirPath = "";
			projectRoot = "";
			targets = (
				710138DF214F9E7700ECC010 /* github-users */,
			);
		};
/* End PBXProject section */

/* Begin PBXResourcesBuildPhase section */
		710138DE214F9E7700ECC010 /* Resources */ = {
			isa = PBXResourcesBuildPhase;
			buildActionMask = 2147483647;
			files = (
				710138EE214F9E7800ECC010 /* LaunchScreen.storyboard in Resources */,
				710138EB214F9E7800ECC010 /* Assets.xcassets in Resources */,
				710138E9214F9E7700ECC010 /* Main.storyboard in Resources */,
			);
			runOnlyForDeploymentPostprocessing = 0;
		};
/* End PBXResourcesBuildPhase section */

/* Begin PBXShellScriptBuildPhase section */
		269C978FB379ADA362AA8507 /* [CP] Check Pods Manifest.lock */ = {
			isa = PBXShellScriptBuildPhase;
			buildActionMask = 2147483647;
			files = (
			);
			inputPaths = (
				"${PODS_PODFILE_DIR_PATH}/Podfile.lock",
				"${PODS_ROOT}/Manifest.lock",
			);
			name = "[CP] Check Pods Manifest.lock";
			outputPaths = (
				"$(DERIVED_FILE_DIR)/Pods-github-users-checkManifestLockResult.txt",
			);
			runOnlyForDeploymentPostprocessing = 0;
			shellPath = /bin/sh;
			shellScript = "diff \"${PODS_PODFILE_DIR_PATH}/Podfile.lock\" \"${PODS_ROOT}/Manifest.lock\" > /dev/null\nif [ $? != 0 ] ; then\n    # print error to STDERR\n    echo \"error: The sandbox is not in sync with the Podfile.lock. Run 'pod install' or update your CocoaPods installation.\" >&2\n    exit 1\nfi\n# This output is used by Xcode 'outputs' to avoid re-running this script phase.\necho \"SUCCESS\" > \"${SCRIPT_OUTPUT_FILE_0}\"\n";
			showEnvVarsInLog = 0;
		};
		86CD250EE82FEC4D5B95D90A /* [CP] Copy Pods Resources */ = {
			isa = PBXShellScriptBuildPhase;
			buildActionMask = 2147483647;
			files = (
			);
			inputPaths = (
			);
			name = "[CP] Copy Pods Resources";
			outputPaths = (
			);
			runOnlyForDeploymentPostprocessing = 0;
			shellPath = /bin/sh;
			shellScript = "\"${SRCROOT}/Pods/Target Support Files/Pods-github-users/Pods-github-users-resources.sh\"\n";
			showEnvVarsInLog = 0;
		};
		B1FA1FA70424433F5B21A52B /* [CP] Embed Pods Frameworks */ = {
			isa = PBXShellScriptBuildPhase;
			buildActionMask = 2147483647;
			files = (
			);
			inputPaths = (
				"${SRCROOT}/Pods/Target Support Files/Pods-github-users/Pods-github-users-frameworks.sh",
				"${BUILT_PRODUCTS_DIR}/ObjectMapper/ObjectMapper.framework",
				"${BUILT_PRODUCTS_DIR}/RxCocoa/RxCocoa.framework",
				"${BUILT_PRODUCTS_DIR}/RxSwift/RxSwift.framework",
				"${BUILT_PRODUCTS_DIR}/SnapKit/SnapKit.framework",
			);
			name = "[CP] Embed Pods Frameworks";
			outputPaths = (
				"${TARGET_BUILD_DIR}/${FRAMEWORKS_FOLDER_PATH}/ObjectMapper.framework",
				"${TARGET_BUILD_DIR}/${FRAMEWORKS_FOLDER_PATH}/RxCocoa.framework",
				"${TARGET_BUILD_DIR}/${FRAMEWORKS_FOLDER_PATH}/RxSwift.framework",
				"${TARGET_BUILD_DIR}/${FRAMEWORKS_FOLDER_PATH}/SnapKit.framework",
			);
			runOnlyForDeploymentPostprocessing = 0;
			shellPath = /bin/sh;
			shellScript = "\"${SRCROOT}/Pods/Target Support Files/Pods-github-users/Pods-github-users-frameworks.sh\"\n";
			showEnvVarsInLog = 0;
		};
/* End PBXShellScriptBuildPhase section */

/* Begin PBXSourcesBuildPhase section */
		710138DC214F9E7700ECC010 /* Sources */ = {
			isa = PBXSourcesBuildPhase;
			buildActionMask = 2147483647;
			files = (
				710138E6214F9E7700ECC010 /* ViewController.swift in Sources */,
				71BC3993214FAF83005CD651 /* GitHubUser.swift in Sources */,
				71BC3990214F9F7D005CD651 /* APIService.swift in Sources */,
				710138E4214F9E7700ECC010 /* AppDelegate.swift in Sources */,
			);
			runOnlyForDeploymentPostprocessing = 0;
		};
/* End PBXSourcesBuildPhase section */

/* Begin PBXVariantGroup section */
		710138E7214F9E7700ECC010 /* Main.storyboard */ = {
			isa = PBXVariantGroup;
			children = (
				710138E8214F9E7700ECC010 /* Base */,
			);
			name = Main.storyboard;
			sourceTree = "<group>";
		};
		710138EC214F9E7800ECC010 /* LaunchScreen.storyboard */ = {
			isa = PBXVariantGroup;
			children = (
				710138ED214F9E7800ECC010 /* Base */,
			);
			name = LaunchScreen.storyboard;
			sourceTree = "<group>";
		};
/* End PBXVariantGroup section */

/* Begin XCBuildConfiguration section */
		710138F0214F9E7800ECC010 /* Debug */ = {
			isa = XCBuildConfiguration;
			buildSettings = {
				ALWAYS_SEARCH_USER_PATHS = NO;
				CLANG_ANALYZER_NONNULL = YES;
				CLANG_ANALYZER_NUMBER_OBJECT_CONVERSION = YES_AGGRESSIVE;
				CLANG_CXX_LANGUAGE_STANDARD = "gnu++14";
				CLANG_CXX_LIBRARY = "libc++";
				CLANG_ENABLE_MODULES = YES;
				CLANG_ENABLE_OBJC_ARC = YES;
				CLANG_ENABLE_OBJC_WEAK = YES;
				CLANG_WARN_BLOCK_CAPTURE_AUTORELEASING = YES;
				CLANG_WARN_BOOL_CONVERSION = YES;
				CLANG_WARN_COMMA = YES;
				CLANG_WARN_CONSTANT_CONVERSION = YES;
				CLANG_WARN_DEPRECATED_OBJC_IMPLEMENTATIONS = YES;
				CLANG_WARN_DIRECT_OBJC_ISA_USAGE = YES_ERROR;
				CLANG_WARN_DOCUMENTATION_COMMENTS = YES;
				CLANG_WARN_EMPTY_BODY = YES;
				CLANG_WARN_ENUM_CONVERSION = YES;
				CLANG_WARN_INFINITE_RECURSION = YES;
				CLANG_WARN_INT_CONVERSION = YES;
				CLANG_WARN_NON_LITERAL_NULL_CONVERSION = YES;
				CLANG_WARN_OBJC_IMPLICIT_RETAIN_SELF = YES;
				CLANG_WARN_OBJC_LITERAL_CONVERSION = YES;
				CLANG_WARN_OBJC_ROOT_CLASS = YES_ERROR;
				CLANG_WARN_RANGE_LOOP_ANALYSIS = YES;
				CLANG_WARN_STRICT_PROTOTYPES = YES;
				CLANG_WARN_SUSPICIOUS_MOVE = YES;
				CLANG_WARN_UNGUARDED_AVAILABILITY = YES_AGGRESSIVE;
				CLANG_WARN_UNREACHABLE_CODE = YES;
				CLANG_WARN__DUPLICATE_METHOD_MATCH = YES;
				CODE_SIGN_IDENTITY = "iPhone Developer";
				COPY_PHASE_STRIP = NO;
				DEBUG_INFORMATION_FORMAT = dwarf;
				ENABLE_STRICT_OBJC_MSGSEND = YES;
				ENABLE_TESTABILITY = YES;
				GCC_C_LANGUAGE_STANDARD = gnu11;
				GCC_DYNAMIC_NO_PIC = NO;
				GCC_NO_COMMON_BLOCKS = YES;
				GCC_OPTIMIZATION_LEVEL = 0;
				GCC_PREPROCESSOR_DEFINITIONS = (
					"DEBUG=1",
					"$(inherited)",
				);
				GCC_WARN_64_TO_32_BIT_CONVERSION = YES;
				GCC_WARN_ABOUT_RETURN_TYPE = YES_ERROR;
				GCC_WARN_UNDECLARED_SELECTOR = YES;
				GCC_WARN_UNINITIALIZED_AUTOS = YES_AGGRESSIVE;
				GCC_WARN_UNUSED_FUNCTION = YES;
				GCC_WARN_UNUSED_VARIABLE = YES;
				IPHONEOS_DEPLOYMENT_TARGET = 11.4;
				MTL_ENABLE_DEBUG_INFO = YES;
				ONLY_ACTIVE_ARCH = YES;
				SDKROOT = iphoneos;
				SWIFT_ACTIVE_COMPILATION_CONDITIONS = DEBUG;
				SWIFT_OPTIMIZATION_LEVEL = "-Onone";
			};
			name = Debug;
		};
		710138F1214F9E7800ECC010 /* Release */ = {
			isa = XCBuildConfiguration;
			buildSettings = {
				ALWAYS_SEARCH_USER_PATHS = NO;
				CLANG_ANALYZER_NONNULL = YES;
				CLANG_ANALYZER_NUMBER_OBJECT_CONVERSION = YES_AGGRESSIVE;
				CLANG_CXX_LANGUAGE_STANDARD = "gnu++14";
				CLANG_CXX_LIBRARY = "libc++";
				CLANG_ENABLE_MODULES = YES;
				CLANG_ENABLE_OBJC_ARC = YES;
				CLANG_ENABLE_OBJC_WEAK = YES;
				CLANG_WARN_BLOCK_CAPTURE_AUTORELEASING = YES;
				CLANG_WARN_BOOL_CONVERSION = YES;
				CLANG_WARN_COMMA = YES;
				CLANG_WARN_CONSTANT_CONVERSION = YES;
				CLANG_WARN_DEPRECATED_OBJC_IMPLEMENTATIONS = YES;
				CLANG_WARN_DIRECT_OBJC_ISA_USAGE = YES_ERROR;
				CLANG_WARN_DOCUMENTATION_COMMENTS = YES;
				CLANG_WARN_EMPTY_BODY = YES;
				CLANG_WARN_ENUM_CONVERSION = YES;
				CLANG_WARN_INFINITE_RECURSION = YES;
				CLANG_WARN_INT_CONVERSION = YES;
				CLANG_WARN_NON_LITERAL_NULL_CONVERSION = YES;
				CLANG_WARN_OBJC_IMPLICIT_RETAIN_SELF = YES;
				CLANG_WARN_OBJC_LITERAL_CONVERSION = YES;
				CLANG_WARN_OBJC_ROOT_CLASS = YES_ERROR;
				CLANG_WARN_RANGE_LOOP_ANALYSIS = YES;
				CLANG_WARN_STRICT_PROTOTYPES = YES;
				CLANG_WARN_SUSPICIOUS_MOVE = YES;
				CLANG_WARN_UNGUARDED_AVAILABILITY = YES_AGGRESSIVE;
				CLANG_WARN_UNREACHABLE_CODE = YES;
				CLANG_WARN__DUPLICATE_METHOD_MATCH = YES;
				CODE_SIGN_IDENTITY = "iPhone Developer";
				COPY_PHASE_STRIP = NO;
				DEBUG_INFORMATION_FORMAT = "dwarf-with-dsym";
				ENABLE_NS_ASSERTIONS = NO;
				ENABLE_STRICT_OBJC_MSGSEND = YES;
				GCC_C_LANGUAGE_STANDARD = gnu11;
				GCC_NO_COMMON_BLOCKS = YES;
				GCC_WARN_64_TO_32_BIT_CONVERSION = YES;
				GCC_WARN_ABOUT_RETURN_TYPE = YES_ERROR;
				GCC_WARN_UNDECLARED_SELECTOR = YES;
				GCC_WARN_UNINITIALIZED_AUTOS = YES_AGGRESSIVE;
				GCC_WARN_UNUSED_FUNCTION = YES;
				GCC_WARN_UNUSED_VARIABLE = YES;
				IPHONEOS_DEPLOYMENT_TARGET = 11.4;
				MTL_ENABLE_DEBUG_INFO = NO;
				SDKROOT = iphoneos;
				SWIFT_COMPILATION_MODE = wholemodule;
				SWIFT_OPTIMIZATION_LEVEL = "-O";
				VALIDATE_PRODUCT = YES;
			};
			name = Release;
		};
		710138F3214F9E7800ECC010 /* Debug */ = {
			isa = XCBuildConfiguration;
			baseConfigurationReference = FAF6AE9D41E5542DC762C563 /* Pods-github-users.debug.xcconfig */;
			buildSettings = {
				ASSETCATALOG_COMPILER_APPICON_NAME = AppIcon;
				CODE_SIGN_STYLE = Automatic;
				DEVELOPMENT_TEAM = C22TD2AZTE;
				INFOPLIST_FILE = "github-users/Info.plist";
				LD_RUNPATH_SEARCH_PATHS = (
					"$(inherited)",
					"@executable_path/Frameworks",
				);
				PRODUCT_BUNDLE_IDENTIFIER = "com.ptb.github-users";
				PRODUCT_NAME = "$(TARGET_NAME)";
				SWIFT_VERSION = 4.0;
				TARGETED_DEVICE_FAMILY = "1,2";
			};
			name = Debug;
		};
		710138F4214F9E7800ECC010 /* Release */ = {
			isa = XCBuildConfiguration;
			baseConfigurationReference = 25CE94FB7F018491C1F7DC35 /* Pods-github-users.release.xcconfig */;
			buildSettings = {
				ASSETCATALOG_COMPILER_APPICON_NAME = AppIcon;
				CODE_SIGN_STYLE = Automatic;
				DEVELOPMENT_TEAM = C22TD2AZTE;
				INFOPLIST_FILE = "github-users/Info.plist";
				LD_RUNPATH_SEARCH_PATHS = (
					"$(inherited)",
					"@executable_path/Frameworks",
				);
				PRODUCT_BUNDLE_IDENTIFIER = "com.ptb.github-users";
				PRODUCT_NAME = "$(TARGET_NAME)";
				SWIFT_VERSION = 4.0;
				TARGETED_DEVICE_FAMILY = "1,2";
			};
			name = Release;
		};
/* End XCBuildConfiguration section */

/* Begin XCConfigurationList section */
		710138DB214F9E7700ECC010 /* Build configuration list for PBXProject "github-users" */ = {
			isa = XCConfigurationList;
			buildConfigurations = (
				710138F0214F9E7800ECC010 /* Debug */,
				710138F1214F9E7800ECC010 /* Release */,
			);
			defaultConfigurationIsVisible = 0;
			defaultConfigurationName = Release;
		};
		710138F2214F9E7800ECC010 /* Build configuration list for PBXNativeTarget "github-users" */ = {
			isa = XCConfigurationList;
			buildConfigurations = (
				710138F3214F9E7800ECC010 /* Debug */,
				710138F4214F9E7800ECC010 /* Release */,
			);
			defaultConfigurationIsVisible = 0;
			defaultConfigurationName = Release;
		};
/* End XCConfigurationList section */
	};
	rootObject = 710138D8214F9E7700ECC010 /* Project object */;
}
